# @generated by Move, please check-in and do not edit manually.

[move]
version = 0

dependencies = [
  { name = "MoveStdlib", addr_subst = { "std" = "0000000000000000000000000000000000000000000000000000000000000001" } },
]

[[move.package]]
name = "MoveStdlib"
source = { local = "/home/yule/Movebit/move/language/move-stdlib" }
